
Microsoft Visual Studio Solution File, Format Version 12.00
# Visual Studio Version 17
VisualStudioVersion = 17.1.32421.90
MinimumVisualStudioVersion = 10.0.40219.1
Project("{FAE04EC0-301F-11D3-BF4B-00C04F79EFBC}") = "HelperMethods", "HelperMethods\HelperMethods.csproj", "{2022D0FF-FC66-45B5-BE74-A3813C3EA6B6}"
EndProject
Project("{FAE04EC0-301F-11D3-BF4B-00C04F79EFBC}") = "HelperExtensions", "HelperExtensions\HelperExtensions.csproj", "{414C69F3-57EF-42FF-91C3-088772DA4968}"
EndProject
Project("{2150E333-8FDC-42A3-9474-1A3956D46DE8}") = "Solution Items", "Solution Items", "{D9728C74-26CC-43B7-A4D7-8D78B1C4B6BD}"
	ProjectSection(SolutionItems) = preProject
		.editorconfig = .editorconfig
	EndProjectSection
EndProject
Project("{FAE04EC0-301F-11D3-BF4B-00C04F79EFBC}") = "HelperClasses", "HelperClasses\HelperClasses.csproj", "{DECF80F8-C530-4459-AC5D-E38AA734476D}"
EndProject
Global
	GlobalSection(SolutionConfigurationPlatforms) = preSolution
		Debug|Any CPU = Debug|Any CPU
		Release|Any CPU = Release|Any CPU
	EndGlobalSection
	GlobalSection(ProjectConfigurationPlatforms) = postSolution
		{2022D0FF-FC66-45B5-BE74-A3813C3EA6B6}.Debug|Any CPU.ActiveCfg = Debug|Any CPU
		{2022D0FF-FC66-45B5-BE74-A3813C3EA6B6}.Debug|Any CPU.Build.0 = Debug|Any CPU
		{2022D0FF-FC66-45B5-BE74-A3813C3EA6B6}.Release|Any CPU.ActiveCfg = Release|Any CPU
		{2022D0FF-FC66-45B5-BE74-A3813C3EA6B6}.Release|Any CPU.Build.0 = Release|Any CPU
		{414C69F3-57EF-42FF-91C3-088772DA4968}.Debug|Any CPU.ActiveCfg = Debug|Any CPU
		{414C69F3-57EF-42FF-91C3-088772DA4968}.Debug|Any CPU.Build.0 = Debug|Any CPU
		{414C69F3-57EF-42FF-91C3-088772DA4968}.Release|Any CPU.ActiveCfg = Release|Any CPU
		{414C69F3-57EF-42FF-91C3-088772DA4968}.Release|Any CPU.Build.0 = Release|Any CPU
		{DECF80F8-C530-4459-AC5D-E38AA734476D}.Debug|Any CPU.ActiveCfg = Debug|Any CPU
		{DECF80F8-C530-4459-AC5D-E38AA734476D}.Debug|Any CPU.Build.0 = Debug|Any CPU
		{DECF80F8-C530-4459-AC5D-E38AA734476D}.Release|Any CPU.ActiveCfg = Release|Any CPU
		{DECF80F8-C530-4459-AC5D-E38AA734476D}.Release|Any CPU.Build.0 = Release|Any CPU
	EndGlobalSection
	GlobalSection(SolutionProperties) = preSolution
		HideSolutionNode = FALSE
	EndGlobalSection
	GlobalSection(ExtensibilityGlobals) = postSolution
		SolutionGuid = {3061C096-0392-40DB-AB11-847BA3B6941C}
	EndGlobalSection
EndGlobal
