
Microsoft Visual Studio Solution File, Format Version 12.00
# Visual Studio Version 17
VisualStudioVersion = 17.1.32421.90
MinimumVisualStudioVersion = 10.0.40219.1
Project("{2150E333-8FDC-42A3-9474-1A3956D46DE8}") = "Solution Items", "Solution Items", "{D9728C74-26CC-43B7-A4D7-8D78B1C4B6BD}"
	ProjectSection(SolutionItems) = preProject
		.editorconfig = .editorconfig
	EndProjectSection
EndProject
Project("{9A19103F-16F7-4668-BE54-9A1E7A4F7556}") = "HelperClasses", "HelperClasses\HelperClasses.csproj", "{DECF80F8-C530-4459-AC5D-E38AA734476D}"
EndProject
Project("{FAE04EC0-301F-11D3-BF4B-00C04F79EFBC}") = "WpfHelpers", "WpfHelpers\WpfHelpers.csproj", "{289142F4-3B97-4B4F-898A-99ECC337F740}"
EndProject
Project("{FAE04EC0-301F-11D3-BF4B-00C04F79EFBC}") = "HelperExtensions", "HelperExtensions\HelperExtensions.csproj", "{B767D636-9166-456A-91DB-30EDD68CE7BD}"
EndProject
Project("{FAE04EC0-301F-11D3-BF4B-00C04F79EFBC}") = "HelperMethods", "HelperMethods\HelperMethods.csproj", "{B5264ECC-3E3C-4102-83B0-65BFCED769E7}"
EndProject
Global
	GlobalSection(SolutionConfigurationPlatforms) = preSolution
		Debug|Any CPU = Debug|Any CPU
		Release|Any CPU = Release|Any CPU
	EndGlobalSection
	GlobalSection(ProjectConfigurationPlatforms) = postSolution
		{DECF80F8-C530-4459-AC5D-E38AA734476D}.Debug|Any CPU.ActiveCfg = Debug|Any CPU
		{DECF80F8-C530-4459-AC5D-E38AA734476D}.Debug|Any CPU.Build.0 = Debug|Any CPU
		{DECF80F8-C530-4459-AC5D-E38AA734476D}.Release|Any CPU.ActiveCfg = Release|Any CPU
		{DECF80F8-C530-4459-AC5D-E38AA734476D}.Release|Any CPU.Build.0 = Release|Any CPU
		{289142F4-3B97-4B4F-898A-99ECC337F740}.Debug|Any CPU.ActiveCfg = Debug|Any CPU
		{289142F4-3B97-4B4F-898A-99ECC337F740}.Debug|Any CPU.Build.0 = Debug|Any CPU
		{289142F4-3B97-4B4F-898A-99ECC337F740}.Release|Any CPU.ActiveCfg = Release|Any CPU
		{289142F4-3B97-4B4F-898A-99ECC337F740}.Release|Any CPU.Build.0 = Release|Any CPU
		{B767D636-9166-456A-91DB-30EDD68CE7BD}.Debug|Any CPU.ActiveCfg = Debug|Any CPU
		{B767D636-9166-456A-91DB-30EDD68CE7BD}.Debug|Any CPU.Build.0 = Debug|Any CPU
		{B767D636-9166-456A-91DB-30EDD68CE7BD}.Release|Any CPU.ActiveCfg = Release|Any CPU
		{B767D636-9166-456A-91DB-30EDD68CE7BD}.Release|Any CPU.Build.0 = Release|Any CPU
		{B5264ECC-3E3C-4102-83B0-65BFCED769E7}.Debug|Any CPU.ActiveCfg = Debug|Any CPU
		{B5264ECC-3E3C-4102-83B0-65BFCED769E7}.Debug|Any CPU.Build.0 = Debug|Any CPU
		{B5264ECC-3E3C-4102-83B0-65BFCED769E7}.Release|Any CPU.ActiveCfg = Release|Any CPU
		{B5264ECC-3E3C-4102-83B0-65BFCED769E7}.Release|Any CPU.Build.0 = Release|Any CPU
	EndGlobalSection
	GlobalSection(SolutionProperties) = preSolution
		HideSolutionNode = FALSE
	EndGlobalSection
	GlobalSection(ExtensibilityGlobals) = postSolution
		SolutionGuid = {3061C096-0392-40DB-AB11-847BA3B6941C}
	EndGlobalSection
EndGlobal
